{
  "pins" : [
    {
      "identity" : "soulvercore",
      "kind" : "remoteSourceControl",
      "location" : "https://github.com/soulverteam/SoulverCore",
      "state" : {
        "revision" : "2b5d135d7200ee558e3beb84f2aa1d7c4ac207b9",
        "version" : "3.4.0"
      }
    }
  ],
  "version" : 2
}
